# This file is autogenerated, do not edit; changes may be undone by the next 'dep ensure'.


[[projects]]
  branch = "master"
  name = "github.com/temoto/robotstxt"
  packages = ["."]
  revision = "9e4646fa705336d5b2fa9dddfafbe0a1a965acd7"

[solve-meta]
  analyzer-name = "dep"
  analyzer-version = 1
  inputs-digest = "217617f8f4614a13862619f5cc456b2b0793219940ed4fcbc19e74971c184499"
  solver-name = "gps-cdcl"
  solver-version = 1
